// !$*UTF8*$!
{
	archiveVersion = 1;
	classes = {
	};
	objectVersion = 56;
	objects = {

/* Begin PBXBuildFile section */
		243800D62BDE784600223577 /* Utilities.swift in Sources */ = {isa = PBXBuildFile; fileRef = 243800D52BDE784600223577 /* Utilities.swift */; };
		243800D92BDEB29500223577 /* UserData.swift in Sources */ = {isa = PBXBuildFile; fileRef = 243800D82BDEB29500223577 /* UserData.swift */; };
		243800DC2BDEB86800223577 /* DashBoardView.swift in Sources */ = {isa = PBXBuildFile; fileRef = 243800DB2BDEB86800223577 /* DashBoardView.swift */; };
		243800DE2BDEB88D00223577 /* CaloriesEatenAndBurnedView.swift in Sources */ = {isa = PBXBuildFile; fileRef = 243800DD2BDEB88D00223577 /* CaloriesEatenAndBurnedView.swift */; };
		243800E12BDEB98000223577 /* DailySummaryData.swift in Sources */ = {isa = PBXBuildFile; fileRef = 243800E02BDEB98000223577 /* DailySummaryData.swift */; };
		243800E42BDEB9C300223577 /* UserGoals.swift in Sources */ = {isa = PBXBuildFile; fileRef = 243800E32BDEB9C300223577 /* UserGoals.swift */; };
		243800E62BDEBA1200223577 /* Foods.swift in Sources */ = {isa = PBXBuildFile; fileRef = 243800E52BDEBA1200223577 /* Foods.swift */; };
		243800E82BDEBA8D00223577 /* CircularProgressView.swift in Sources */ = {isa = PBXBuildFile; fileRef = 243800E72BDEBA8D00223577 /* CircularProgressView.swift */; };
		243800EB2BDEBBEC00223577 /* Nutritient_Card.swift in Sources */ = {isa = PBXBuildFile; fileRef = 243800EA2BDEBBEC00223577 /* Nutritient_Card.swift */; };
		243800ED2BDEBC3300223577 /* MacroProgressCardView.swift in Sources */ = {isa = PBXBuildFile; fileRef = 243800EC2BDEBC3300223577 /* MacroProgressCardView.swift */; };
		243800EF2BDEBC6800223577 /* StepsProgressView.swift in Sources */ = {isa = PBXBuildFile; fileRef = 243800EE2BDEBC6800223577 /* StepsProgressView.swift */; };
		243800F22BDF4F7C00223577 /* HealthStore.swift in Sources */ = {isa = PBXBuildFile; fileRef = 243800F12BDF4F7C00223577 /* HealthStore.swift */; };
		243800F52BE2355400223577 /* FoodView.swift in Sources */ = {isa = PBXBuildFile; fileRef = 243800F42BE2355400223577 /* FoodView.swift */; };
		243800F82BE2364A00223577 /* FoodViewModel.swift in Sources */ = {isa = PBXBuildFile; fileRef = 243800F72BE2364A00223577 /* FoodViewModel.swift */; };
		243800FA2BE236B400223577 /* FoodApiService.swift in Sources */ = {isa = PBXBuildFile; fileRef = 243800F92BE236B400223577 /* FoodApiService.swift */; };
		243800FC2BE2373900223577 /* FoodsData.swift in Sources */ = {isa = PBXBuildFile; fileRef = 243800FB2BE2373900223577 /* FoodsData.swift */; };
		243800FE2BE23CDC00223577 /* AddMealView.swift in Sources */ = {isa = PBXBuildFile; fileRef = 243800FD2BE23CDC00223577 /* AddMealView.swift */; };
		243801002BE23D4400223577 /* AddMealViewModel.swift in Sources */ = {isa = PBXBuildFile; fileRef = 243800FF2BE23D4400223577 /* AddMealViewModel.swift */; };
		243801022BE2447E00223577 /* RoundedCorners.swift in Sources */ = {isa = PBXBuildFile; fileRef = 243801012BE2447E00223577 /* RoundedCorners.swift */; };
		243801042BE24BC900223577 /* GradientModifier.swift in Sources */ = {isa = PBXBuildFile; fileRef = 243801032BE24BC900223577 /* GradientModifier.swift */; };
		243801062BE2549700223577 /* FoodRow.swift in Sources */ = {isa = PBXBuildFile; fileRef = 243801052BE2549700223577 /* FoodRow.swift */; };
		244C59BD2BEFA54600EECAE5 /* ActivityIndicatorView.swift in Sources */ = {isa = PBXBuildFile; fileRef = 244C59BC2BEFA54600EECAE5 /* ActivityIndicatorView.swift */; };
		244C59C12BF08DE300EECAE5 /* TabBarView.swift in Sources */ = {isa = PBXBuildFile; fileRef = 244C59C02BF08DE300EECAE5 /* TabBarView.swift */; };
		244C59C42BF0A4E100EECAE5 /* SettingView.swift in Sources */ = {isa = PBXBuildFile; fileRef = 244C59C32BF0A4E100EECAE5 /* SettingView.swift */; };
		244C59C62BF0A5D300EECAE5 /* ProfileView.swift in Sources */ = {isa = PBXBuildFile; fileRef = 244C59C52BF0A5D300EECAE5 /* ProfileView.swift */; };
		244C59C92BF0ACBF00EECAE5 /* ProfileViewModel.swift in Sources */ = {isa = PBXBuildFile; fileRef = 244C59C82BF0ACBF00EECAE5 /* ProfileViewModel.swift */; };
		244E71E82C02241900381C6B /* AboutMeView.swift in Sources */ = {isa = PBXBuildFile; fileRef = 244E71E72C02241900381C6B /* AboutMeView.swift */; };
		244E71EA2C02392400381C6B /* FoodToday.swift in Sources */ = {isa = PBXBuildFile; fileRef = 244E71E92C02392400381C6B /* FoodToday.swift */; };
		244E71EC2C02567A00381C6B /* ItemRowFood.swift in Sources */ = {isa = PBXBuildFile; fileRef = 244E71EB2C02567A00381C6B /* ItemRowFood.swift */; };
		246DB2342BF8ECD400130592 /* BackButton.swift in Sources */ = {isa = PBXBuildFile; fileRef = 246DB2332BF8ECD400130592 /* BackButton.swift */; };
		246DB2362BF9B11F00130592 /* ChangeHeightView.swift in Sources */ = {isa = PBXBuildFile; fileRef = 246DB2352BF9B11F00130592 /* ChangeHeightView.swift */; };
		246DB2382BF9B7AC00130592 /* ChangeWeightView.swift in Sources */ = {isa = PBXBuildFile; fileRef = 246DB2372BF9B7AC00130592 /* ChangeWeightView.swift */; };
		249FE0862BD3AF8C0061017E /* GoogleService-Info.plist in Resources */ = {isa = PBXBuildFile; fileRef = 249FE0852BD3AF8C0061017E /* GoogleService-Info.plist */; };
		249FE0882BD3B2570061017E /* RegisterViewModel.swift in Sources */ = {isa = PBXBuildFile; fileRef = 249FE0872BD3B2570061017E /* RegisterViewModel.swift */; };
		249FE08B2BD3B7730061017E /* FormValidator.swift in Sources */ = {isa = PBXBuildFile; fileRef = 249FE08A2BD3B7730061017E /* FormValidator.swift */; };
		249FE08D2BD3BF8C0061017E /* NormalButton.swift in Sources */ = {isa = PBXBuildFile; fileRef = 249FE08C2BD3BF8C0061017E /* NormalButton.swift */; };
		249FE08F2BD3C33D0061017E /* ViewConst.swift in Sources */ = {isa = PBXBuildFile; fileRef = 249FE08E2BD3C33D0061017E /* ViewConst.swift */; };
		249FE0912BD4050A0061017E /* AppConfiguration.swift in Sources */ = {isa = PBXBuildFile; fileRef = 249FE0902BD4050A0061017E /* AppConfiguration.swift */; };
		249FE0932BD406650061017E /* Constanst.swift in Sources */ = {isa = PBXBuildFile; fileRef = 249FE0922BD406650061017E /* Constanst.swift */; };
		249FE0952BD408F40061017E /* UserDefault.swift in Sources */ = {isa = PBXBuildFile; fileRef = 249FE0942BD408F40061017E /* UserDefault.swift */; };
		249FE0A82BD4CCAF0061017E /* FocusField.swift in Sources */ = {isa = PBXBuildFile; fileRef = 249FE0A72BD4CCAF0061017E /* FocusField.swift */; };
		249FE0AB2BD4DCAB0061017E /* RootViewModel.swift in Sources */ = {isa = PBXBuildFile; fileRef = 249FE0AA2BD4DCAB0061017E /* RootViewModel.swift */; };
		249FE0B02BD4DFD30061017E /* HomeView.swift in Sources */ = {isa = PBXBuildFile; fileRef = 249FE0AF2BD4DFD30061017E /* HomeView.swift */; };
		249FE0B42BD4E3140061017E /* GoalView.swift in Sources */ = {isa = PBXBuildFile; fileRef = 249FE0B32BD4E3140061017E /* GoalView.swift */; };
		249FE0B82BD4E6730061017E /* GoalViewModel.swift in Sources */ = {isa = PBXBuildFile; fileRef = 249FE0B72BD4E6730061017E /* GoalViewModel.swift */; };
		249FE0BB2BD4EF770061017E /* GoalModel.swift in Sources */ = {isa = PBXBuildFile; fileRef = 249FE0BA2BD4EF770061017E /* GoalModel.swift */; };
		249FE0BF2BD4F3090061017E /* ActiveView.swift in Sources */ = {isa = PBXBuildFile; fileRef = 249FE0BE2BD4F3090061017E /* ActiveView.swift */; };
		249FE0C22BD4F7330061017E /* CalculatorView.swift in Sources */ = {isa = PBXBuildFile; fileRef = 249FE0C12BD4F7330061017E /* CalculatorView.swift */; };
		249FE0C52BD508CF0061017E /* CalculatorBrain.swift in Sources */ = {isa = PBXBuildFile; fileRef = 249FE0C42BD508CF0061017E /* CalculatorBrain.swift */; };
		249FE0C72BD509240061017E /* BMI.swift in Sources */ = {isa = PBXBuildFile; fileRef = 249FE0C62BD509240061017E /* BMI.swift */; };
		249FE0CD2BD50B1B0061017E /* CalculatorResultView.swift in Sources */ = {isa = PBXBuildFile; fileRef = 249FE0CC2BD50B1B0061017E /* CalculatorResultView.swift */; };
		24C1CC3D2BFE07B6003C7885 /* ChangeAgeView.swift in Sources */ = {isa = PBXBuildFile; fileRef = 24C1CC3C2BFE07B6003C7885 /* ChangeAgeView.swift */; };
		24C1CC3F2BFE24A0003C7885 /* ChangeCalories.swift in Sources */ = {isa = PBXBuildFile; fileRef = 24C1CC3E2BFE24A0003C7885 /* ChangeCalories.swift */; };
		24C1CC412BFE31FC003C7885 /* RadioButton.swift in Sources */ = {isa = PBXBuildFile; fileRef = 24C1CC402BFE31FC003C7885 /* RadioButton.swift */; };
		24C1CC442BFE4227003C7885 /* SettingViewModel.swift in Sources */ = {isa = PBXBuildFile; fileRef = 24C1CC432BFE4227003C7885 /* SettingViewModel.swift */; };
		24C1CC482BFE6537003C7885 /* ChatBoxView.swift in Sources */ = {isa = PBXBuildFile; fileRef = 24C1CC472BFE6537003C7885 /* ChatBoxView.swift */; };
		24C1CC4E2BFED330003C7885 /* SuggestionView.swift in Sources */ = {isa = PBXBuildFile; fileRef = 24C1CC492BFED32F003C7885 /* SuggestionView.swift */; };
		24C1CC4F2BFED330003C7885 /* SuggestViewModel.swift in Sources */ = {isa = PBXBuildFile; fileRef = 24C1CC4B2BFED32F003C7885 /* SuggestViewModel.swift */; };
		24C1CC5B2BFFB28D003C7885 /* ChatGPTAPI.swift in Sources */ = {isa = PBXBuildFile; fileRef = 24C1CC5A2BFFB28D003C7885 /* ChatGPTAPI.swift */; };
		24C1CC5D2BFFB2B5003C7885 /* ModelData.swift in Sources */ = {isa = PBXBuildFile; fileRef = 24C1CC5C2BFFB2B5003C7885 /* ModelData.swift */; };
		24C1CC5F2BFFB2E2003C7885 /* MessageRow.swift in Sources */ = {isa = PBXBuildFile; fileRef = 24C1CC5E2BFFB2E2003C7885 /* MessageRow.swift */; };
		24C1CC612BFFB301003C7885 /* Chat.swift in Sources */ = {isa = PBXBuildFile; fileRef = 24C1CC602BFFB301003C7885 /* Chat.swift */; };
		24C1CC632BFFB8D8003C7885 /* FoodSuggest.swift in Sources */ = {isa = PBXBuildFile; fileRef = 24C1CC622BFFB8D8003C7885 /* FoodSuggest.swift */; };
		24DF9D032BD3754700582458 /* CalorieCounterApp.swift in Sources */ = {isa = PBXBuildFile; fileRef = 24DF9D022BD3754700582458 /* CalorieCounterApp.swift */; };
		24DF9D052BD3754700582458 /* ContentView.swift in Sources */ = {isa = PBXBuildFile; fileRef = 24DF9D042BD3754700582458 /* ContentView.swift */; };
		24DF9D072BD3754800582458 /* Assets.xcassets in Resources */ = {isa = PBXBuildFile; fileRef = 24DF9D062BD3754800582458 /* Assets.xcassets */; };
		24DF9D0A2BD3754800582458 /* Preview Assets.xcassets in Resources */ = {isa = PBXBuildFile; fileRef = 24DF9D092BD3754800582458 /* Preview Assets.xcassets */; };
		24DF9D1E2BD3792500582458 /* SplashView.swift in Sources */ = {isa = PBXBuildFile; fileRef = 24DF9D1D2BD3792500582458 /* SplashView.swift */; };
		24DF9D222BD37CE100582458 /* RootView.swift in Sources */ = {isa = PBXBuildFile; fileRef = 24DF9D212BD37CE100582458 /* RootView.swift */; };
		24DF9D272BD37D7000582458 /* Color+.swift in Sources */ = {isa = PBXBuildFile; fileRef = 24DF9D262BD37D7000582458 /* Color+.swift */; };
		24DF9D2C2BD37F2900582458 /* LoginView.swift in Sources */ = {isa = PBXBuildFile; fileRef = 24DF9D2B2BD37F2900582458 /* LoginView.swift */; };
		24DF9D2F2BD3800C00582458 /* NormalTextField.swift in Sources */ = {isa = PBXBuildFile; fileRef = 24DF9D2E2BD3800C00582458 /* NormalTextField.swift */; };
		24DF9D322BD3AA1000582458 /* LoginViewModel.swift in Sources */ = {isa = PBXBuildFile; fileRef = 24DF9D312BD3AA1000582458 /* LoginViewModel.swift */; };
		24DF9D3B2BD3AA7200582458 /* RegisterView.swift in Sources */ = {isa = PBXBuildFile; fileRef = 24DF9D3A2BD3AA7200582458 /* RegisterView.swift */; };
		5A6CAE0E8E9E95E674A432F7 /* Pods_CalorieCounter.framework in Frameworks */ = {isa = PBXBuildFile; fileRef = 5755D5D516D0FD08ECB1D65C /* Pods_CalorieCounter.framework */; };
/* End PBXBuildFile section */

/* Begin PBXFileReference section */
		243800D52BDE784600223577 /* Utilities.swift */ = {isa = PBXFileReference; lastKnownFileType = sourcecode.swift; path = Utilities.swift; sourceTree = "<group>"; };
		243800D82BDEB29500223577 /* UserData.swift */ = {isa = PBXFileReference; lastKnownFileType = sourcecode.swift; path = UserData.swift; sourceTree = "<group>"; };
		243800DB2BDEB86800223577 /* DashBoardView.swift */ = {isa = PBXFileReference; lastKnownFileType = sourcecode.swift; path = DashBoardView.swift; sourceTree = "<group>"; };
		243800DD2BDEB88D00223577 /* CaloriesEatenAndBurnedView.swift */ = {isa = PBXFileReference; lastKnownFileType = sourcecode.swift; path = CaloriesEatenAndBurnedView.swift; sourceTree = "<group>"; };
		243800E02BDEB98000223577 /* DailySummaryData.swift */ = {isa = PBXFileReference; lastKnownFileType = sourcecode.swift; path = DailySummaryData.swift; sourceTree = "<group>"; };
		243800E32BDEB9C300223577 /* UserGoals.swift */ = {isa = PBXFileReference; lastKnownFileType = sourcecode.swift; path = UserGoals.swift; sourceTree = "<group>"; };
		243800E52BDEBA1200223577 /* Foods.swift */ = {isa = PBXFileReference; lastKnownFileType = sourcecode.swift; path = Foods.swift; sourceTree = "<group>"; };
		243800E72BDEBA8D00223577 /* CircularProgressView.swift */ = {isa = PBXFileReference; lastKnownFileType = sourcecode.swift; path = CircularProgressView.swift; sourceTree = "<group>"; };
		243800EA2BDEBBEC00223577 /* Nutritient_Card.swift */ = {isa = PBXFileReference; lastKnownFileType = sourcecode.swift; path = Nutritient_Card.swift; sourceTree = "<group>"; };
		243800EC2BDEBC3300223577 /* MacroProgressCardView.swift */ = {isa = PBXFileReference; lastKnownFileType = sourcecode.swift; path = MacroProgressCardView.swift; sourceTree = "<group>"; };
		243800EE2BDEBC6800223577 /* StepsProgressView.swift */ = {isa = PBXFileReference; lastKnownFileType = sourcecode.swift; path = StepsProgressView.swift; sourceTree = "<group>"; };
		243800F12BDF4F7C00223577 /* HealthStore.swift */ = {isa = PBXFileReference; lastKnownFileType = sourcecode.swift; path = HealthStore.swift; sourceTree = "<group>"; };
		243800F42BE2355400223577 /* FoodView.swift */ = {isa = PBXFileReference; lastKnownFileType = sourcecode.swift; path = FoodView.swift; sourceTree = "<group>"; };
		243800F72BE2364A00223577 /* FoodViewModel.swift */ = {isa = PBXFileReference; lastKnownFileType = sourcecode.swift; path = FoodViewModel.swift; sourceTree = "<group>"; };
		243800F92BE236B400223577 /* FoodApiService.swift */ = {isa = PBXFileReference; lastKnownFileType = sourcecode.swift; path = FoodApiService.swift; sourceTree = "<group>"; };
		243800FB2BE2373900223577 /* FoodsData.swift */ = {isa = PBXFileReference; lastKnownFileType = sourcecode.swift; path = FoodsData.swift; sourceTree = "<group>"; };
		243800FD2BE23CDC00223577 /* AddMealView.swift */ = {isa = PBXFileReference; lastKnownFileType = sourcecode.swift; path = AddMealView.swift; sourceTree = "<group>"; };
		243800FF2BE23D4400223577 /* AddMealViewModel.swift */ = {isa = PBXFileReference; lastKnownFileType = sourcecode.swift; path = AddMealViewModel.swift; sourceTree = "<group>"; };
		243801012BE2447E00223577 /* RoundedCorners.swift */ = {isa = PBXFileReference; lastKnownFileType = sourcecode.swift; path = RoundedCorners.swift; sourceTree = "<group>"; };
		243801032BE24BC900223577 /* GradientModifier.swift */ = {isa = PBXFileReference; lastKnownFileType = sourcecode.swift; path = GradientModifier.swift; sourceTree = "<group>"; };
		243801052BE2549700223577 /* FoodRow.swift */ = {isa = PBXFileReference; lastKnownFileType = sourcecode.swift; path = FoodRow.swift; sourceTree = "<group>"; };
		244C59BC2BEFA54600EECAE5 /* ActivityIndicatorView.swift */ = {isa = PBXFileReference; lastKnownFileType = sourcecode.swift; path = ActivityIndicatorView.swift; sourceTree = "<group>"; };
		244C59C02BF08DE300EECAE5 /* TabBarView.swift */ = {isa = PBXFileReference; lastKnownFileType = sourcecode.swift; path = TabBarView.swift; sourceTree = "<group>"; };
		244C59C32BF0A4E100EECAE5 /* SettingView.swift */ = {isa = PBXFileReference; lastKnownFileType = sourcecode.swift; path = SettingView.swift; sourceTree = "<group>"; };
		244C59C52BF0A5D300EECAE5 /* ProfileView.swift */ = {isa = PBXFileReference; lastKnownFileType = sourcecode.swift; path = ProfileView.swift; sourceTree = "<group>"; };
		244C59C82BF0ACBF00EECAE5 /* ProfileViewModel.swift */ = {isa = PBXFileReference; lastKnownFileType = sourcecode.swift; path = ProfileViewModel.swift; sourceTree = "<group>"; };
		244E71E72C02241900381C6B /* AboutMeView.swift */ = {isa = PBXFileReference; lastKnownFileType = sourcecode.swift; path = AboutMeView.swift; sourceTree = "<group>"; };
		244E71E92C02392400381C6B /* FoodToday.swift */ = {isa = PBXFileReference; lastKnownFileType = sourcecode.swift; path = FoodToday.swift; sourceTree = "<group>"; };
		244E71EB2C02567A00381C6B /* ItemRowFood.swift */ = {isa = PBXFileReference; lastKnownFileType = sourcecode.swift; path = ItemRowFood.swift; sourceTree = "<group>"; };
		246DB2332BF8ECD400130592 /* BackButton.swift */ = {isa = PBXFileReference; lastKnownFileType = sourcecode.swift; path = BackButton.swift; sourceTree = "<group>"; };
		246DB2352BF9B11F00130592 /* ChangeHeightView.swift */ = {isa = PBXFileReference; lastKnownFileType = sourcecode.swift; path = ChangeHeightView.swift; sourceTree = "<group>"; };
		246DB2372BF9B7AC00130592 /* ChangeWeightView.swift */ = {isa = PBXFileReference; lastKnownFileType = sourcecode.swift; path = ChangeWeightView.swift; sourceTree = "<group>"; };
		249FE0852BD3AF8C0061017E /* GoogleService-Info.plist */ = {isa = PBXFileReference; fileEncoding = 4; lastKnownFileType = text.plist.xml; path = "GoogleService-Info.plist"; sourceTree = "<group>"; };
		249FE0872BD3B2570061017E /* RegisterViewModel.swift */ = {isa = PBXFileReference; lastKnownFileType = sourcecode.swift; path = RegisterViewModel.swift; sourceTree = "<group>"; };
		249FE08A2BD3B7730061017E /* FormValidator.swift */ = {isa = PBXFileReference; lastKnownFileType = sourcecode.swift; path = FormValidator.swift; sourceTree = "<group>"; };
		249FE08C2BD3BF8C0061017E /* NormalButton.swift */ = {isa = PBXFileReference; lastKnownFileType = sourcecode.swift; path = NormalButton.swift; sourceTree = "<group>"; };
		249FE08E2BD3C33D0061017E /* ViewConst.swift */ = {isa = PBXFileReference; lastKnownFileType = sourcecode.swift; path = ViewConst.swift; sourceTree = "<group>"; };
		249FE0902BD4050A0061017E /* AppConfiguration.swift */ = {isa = PBXFileReference; lastKnownFileType = sourcecode.swift; path = AppConfiguration.swift; sourceTree = "<group>"; };
		249FE0922BD406650061017E /* Constanst.swift */ = {isa = PBXFileReference; lastKnownFileType = sourcecode.swift; path = Constanst.swift; sourceTree = "<group>"; };
		249FE0942BD408F40061017E /* UserDefault.swift */ = {isa = PBXFileReference; lastKnownFileType = sourcecode.swift; path = UserDefault.swift; sourceTree = "<group>"; };
		249FE0A72BD4CCAF0061017E /* FocusField.swift */ = {isa = PBXFileReference; lastKnownFileType = sourcecode.swift; path = FocusField.swift; sourceTree = "<group>"; };
		249FE0AA2BD4DCAB0061017E /* RootViewModel.swift */ = {isa = PBXFileReference; lastKnownFileType = sourcecode.swift; path = RootViewModel.swift; sourceTree = "<group>"; };
		249FE0AF2BD4DFD30061017E /* HomeView.swift */ = {isa = PBXFileReference; lastKnownFileType = sourcecode.swift; path = HomeView.swift; sourceTree = "<group>"; };
		249FE0B32BD4E3140061017E /* GoalView.swift */ = {isa = PBXFileReference; lastKnownFileType = sourcecode.swift; path = GoalView.swift; sourceTree = "<group>"; };
		249FE0B72BD4E6730061017E /* GoalViewModel.swift */ = {isa = PBXFileReference; lastKnownFileType = sourcecode.swift; path = GoalViewModel.swift; sourceTree = "<group>"; };
		249FE0BA2BD4EF770061017E /* GoalModel.swift */ = {isa = PBXFileReference; lastKnownFileType = sourcecode.swift; path = GoalModel.swift; sourceTree = "<group>"; };
		249FE0BE2BD4F3090061017E /* ActiveView.swift */ = {isa = PBXFileReference; lastKnownFileType = sourcecode.swift; path = ActiveView.swift; sourceTree = "<group>"; };
		249FE0C12BD4F7330061017E /* CalculatorView.swift */ = {isa = PBXFileReference; lastKnownFileType = sourcecode.swift; path = CalculatorView.swift; sourceTree = "<group>"; };
		249FE0C42BD508CF0061017E /* CalculatorBrain.swift */ = {isa = PBXFileReference; lastKnownFileType = sourcecode.swift; path = CalculatorBrain.swift; sourceTree = "<group>"; };
		249FE0C62BD509240061017E /* BMI.swift */ = {isa = PBXFileReference; lastKnownFileType = sourcecode.swift; path = BMI.swift; sourceTree = "<group>"; };
		249FE0CC2BD50B1B0061017E /* CalculatorResultView.swift */ = {isa = PBXFileReference; lastKnownFileType = sourcecode.swift; path = CalculatorResultView.swift; sourceTree = "<group>"; };
		24C1CC3C2BFE07B6003C7885 /* ChangeAgeView.swift */ = {isa = PBXFileReference; lastKnownFileType = sourcecode.swift; path = ChangeAgeView.swift; sourceTree = "<group>"; };
		24C1CC3E2BFE24A0003C7885 /* ChangeCalories.swift */ = {isa = PBXFileReference; lastKnownFileType = sourcecode.swift; path = ChangeCalories.swift; sourceTree = "<group>"; };
		24C1CC402BFE31FC003C7885 /* RadioButton.swift */ = {isa = PBXFileReference; lastKnownFileType = sourcecode.swift; path = RadioButton.swift; sourceTree = "<group>"; };
		24C1CC432BFE4227003C7885 /* SettingViewModel.swift */ = {isa = PBXFileReference; lastKnownFileType = sourcecode.swift; path = SettingViewModel.swift; sourceTree = "<group>"; };
		24C1CC472BFE6537003C7885 /* ChatBoxView.swift */ = {isa = PBXFileReference; lastKnownFileType = sourcecode.swift; path = ChatBoxView.swift; sourceTree = "<group>"; };
		24C1CC492BFED32F003C7885 /* SuggestionView.swift */ = {isa = PBXFileReference; fileEncoding = 4; lastKnownFileType = sourcecode.swift; path = SuggestionView.swift; sourceTree = "<group>"; };
		24C1CC4B2BFED32F003C7885 /* SuggestViewModel.swift */ = {isa = PBXFileReference; fileEncoding = 4; lastKnownFileType = sourcecode.swift; path = SuggestViewModel.swift; sourceTree = "<group>"; };
		24C1CC5A2BFFB28D003C7885 /* ChatGPTAPI.swift */ = {isa = PBXFileReference; lastKnownFileType = sourcecode.swift; path = ChatGPTAPI.swift; sourceTree = "<group>"; };
		24C1CC5C2BFFB2B5003C7885 /* ModelData.swift */ = {isa = PBXFileReference; lastKnownFileType = sourcecode.swift; path = ModelData.swift; sourceTree = "<group>"; };
		24C1CC5E2BFFB2E2003C7885 /* MessageRow.swift */ = {isa = PBXFileReference; lastKnownFileType = sourcecode.swift; path = MessageRow.swift; sourceTree = "<group>"; };
		24C1CC602BFFB301003C7885 /* Chat.swift */ = {isa = PBXFileReference; lastKnownFileType = sourcecode.swift; path = Chat.swift; sourceTree = "<group>"; };
		24C1CC622BFFB8D8003C7885 /* FoodSuggest.swift */ = {isa = PBXFileReference; lastKnownFileType = sourcecode.swift; path = FoodSuggest.swift; sourceTree = "<group>"; };
		24DF9CFF2BD3754700582458 /* CalorieCounter.app */ = {isa = PBXFileReference; explicitFileType = wrapper.application; includeInIndex = 0; path = CalorieCounter.app; sourceTree = BUILT_PRODUCTS_DIR; };
		24DF9D022BD3754700582458 /* CalorieCounterApp.swift */ = {isa = PBXFileReference; lastKnownFileType = sourcecode.swift; path = CalorieCounterApp.swift; sourceTree = "<group>"; };
		24DF9D042BD3754700582458 /* ContentView.swift */ = {isa = PBXFileReference; lastKnownFileType = sourcecode.swift; path = ContentView.swift; sourceTree = "<group>"; };
		24DF9D062BD3754800582458 /* Assets.xcassets */ = {isa = PBXFileReference; lastKnownFileType = folder.assetcatalog; path = Assets.xcassets; sourceTree = "<group>"; };
		24DF9D092BD3754800582458 /* Preview Assets.xcassets */ = {isa = PBXFileReference; lastKnownFileType = folder.assetcatalog; path = "Preview Assets.xcassets"; sourceTree = "<group>"; };
		24DF9D1D2BD3792500582458 /* SplashView.swift */ = {isa = PBXFileReference; lastKnownFileType = sourcecode.swift; path = SplashView.swift; sourceTree = "<group>"; };
		24DF9D212BD37CE100582458 /* RootView.swift */ = {isa = PBXFileReference; lastKnownFileType = sourcecode.swift; path = RootView.swift; sourceTree = "<group>"; };
		24DF9D262BD37D7000582458 /* Color+.swift */ = {isa = PBXFileReference; lastKnownFileType = sourcecode.swift; path = "Color+.swift"; sourceTree = "<group>"; };
		24DF9D2B2BD37F2900582458 /* LoginView.swift */ = {isa = PBXFileReference; lastKnownFileType = sourcecode.swift; path = LoginView.swift; sourceTree = "<group>"; };
		24DF9D2E2BD3800C00582458 /* NormalTextField.swift */ = {isa = PBXFileReference; lastKnownFileType = sourcecode.swift; path = NormalTextField.swift; sourceTree = "<group>"; };
		24DF9D312BD3AA1000582458 /* LoginViewModel.swift */ = {isa = PBXFileReference; lastKnownFileType = sourcecode.swift; path = LoginViewModel.swift; sourceTree = "<group>"; };
		24DF9D3A2BD3AA7200582458 /* RegisterView.swift */ = {isa = PBXFileReference; lastKnownFileType = sourcecode.swift; path = RegisterView.swift; sourceTree = "<group>"; };
		5755D5D516D0FD08ECB1D65C /* Pods_CalorieCounter.framework */ = {isa = PBXFileReference; explicitFileType = wrapper.framework; includeInIndex = 0; path = Pods_CalorieCounter.framework; sourceTree = BUILT_PRODUCTS_DIR; };
		DD1DC5F028DBAAF84BEE93BF /* Pods-CalorieCounter.release.xcconfig */ = {isa = PBXFileReference; includeInIndex = 1; lastKnownFileType = text.xcconfig; name = "Pods-CalorieCounter.release.xcconfig"; path = "Target Support Files/Pods-CalorieCounter/Pods-CalorieCounter.release.xcconfig"; sourceTree = "<group>"; };
		EFA540331DA02D23902D6DDA /* Pods-CalorieCounter.debug.xcconfig */ = {isa = PBXFileReference; includeInIndex = 1; lastKnownFileType = text.xcconfig; name = "Pods-CalorieCounter.debug.xcconfig"; path = "Target Support Files/Pods-CalorieCounter/Pods-CalorieCounter.debug.xcconfig"; sourceTree = "<group>"; };
/* End PBXFileReference section */

/* Begin PBXFrameworksBuildPhase section */
		24DF9CFC2BD3754700582458 /* Frameworks */ = {
			isa = PBXFrameworksBuildPhase;
			buildActionMask = 2147483647;
			files = (
				5A6CAE0E8E9E95E674A432F7 /* Pods_CalorieCounter.framework in Frameworks */,
			);
			runOnlyForDeploymentPostprocessing = 0;
		};
/* End PBXFrameworksBuildPhase section */

/* Begin PBXGroup section */
		243800D72BDEB27A00223577 /* Model */ = {
			isa = PBXGroup;
			children = (
				243800D82BDEB29500223577 /* UserData.swift */,
				243800F92BE236B400223577 /* FoodApiService.swift */,
				243800FB2BE2373900223577 /* FoodsData.swift */,
				24C1CC622BFFB8D8003C7885 /* FoodSuggest.swift */,
			);
			path = Model;
			sourceTree = "<group>";
		};
		243800DA2BDEB84600223577 /* DashBoard */ = {
			isa = PBXGroup;
			children = (
				243800DF2BDEB97400223577 /* ViewModel */,
				243800E22BDEB9BB00223577 /* Model */,
				243800E92BDEBA9400223577 /* View */,
			);
			path = DashBoard;
			sourceTree = "<group>";
		};
		243800DF2BDEB97400223577 /* ViewModel */ = {
			isa = PBXGroup;
			children = (
				243800E02BDEB98000223577 /* DailySummaryData.swift */,
			);
			path = ViewModel;
			sourceTree = "<group>";
		};
		243800E22BDEB9BB00223577 /* Model */ = {
			isa = PBXGroup;
			children = (
				243800E32BDEB9C300223577 /* UserGoals.swift */,
				243800E52BDEBA1200223577 /* Foods.swift */,
				243800FF2BE23D4400223577 /* AddMealViewModel.swift */,
			);
			path = Model;
			sourceTree = "<group>";
		};
		243800E92BDEBA9400223577 /* View */ = {
			isa = PBXGroup;
			children = (
				243800FD2BE23CDC00223577 /* AddMealView.swift */,
				243800DB2BDEB86800223577 /* DashBoardView.swift */,
				243800E72BDEBA8D00223577 /* CircularProgressView.swift */,
				243800DD2BDEB88D00223577 /* CaloriesEatenAndBurnedView.swift */,
				243800EA2BDEBBEC00223577 /* Nutritient_Card.swift */,
				243800EC2BDEBC3300223577 /* MacroProgressCardView.swift */,
				243800EE2BDEBC6800223577 /* StepsProgressView.swift */,
				243801052BE2549700223577 /* FoodRow.swift */,
			);
			path = View;
			sourceTree = "<group>";
		};
		243800F02BDF4F6A00223577 /* HeathStore */ = {
			isa = PBXGroup;
			children = (
				243800F12BDF4F7C00223577 /* HealthStore.swift */,
			);
			path = HeathStore;
			sourceTree = "<group>";
		};
		243800F32BE2353500223577 /* View */ = {
			isa = PBXGroup;
			children = (
				243800F42BE2355400223577 /* FoodView.swift */,
			);
			path = View;
			sourceTree = "<group>";
		};
		243800F62BE2362600223577 /* ViewModel */ = {
			isa = PBXGroup;
			children = (
				243800F72BE2364A00223577 /* FoodViewModel.swift */,
			);
			path = ViewModel;
			sourceTree = "<group>";
		};
		244C59BE2BF08DC800EECAE5 /* TabBar */ = {
			isa = PBXGroup;
			children = (
				244C59BF2BF08DD300EECAE5 /* View */,
			);
			path = TabBar;
			sourceTree = "<group>";
		};
		244C59BF2BF08DD300EECAE5 /* View */ = {
			isa = PBXGroup;
			children = (
				244C59C02BF08DE300EECAE5 /* TabBarView.swift */,
			);
			path = View;
			sourceTree = "<group>";
		};
		244C59C22BF0A4D400EECAE5 /* Setting */ = {
			isa = PBXGroup;
			children = (
				24C1CC422BFE4212003C7885 /* ViewModel */,
				244C59C32BF0A4E100EECAE5 /* SettingView.swift */,
			);
			path = Setting;
			sourceTree = "<group>";
		};
		244C59C72BF0ACAB00EECAE5 /* ViewModel */ = {
			isa = PBXGroup;
			children = (
				244C59C82BF0ACBF00EECAE5 /* ProfileViewModel.swift */,
			);
			path = ViewModel;
			sourceTree = "<group>";
		};
		244E71E62C02240A00381C6B /* AboutMe */ = {
			isa = PBXGroup;
			children = (
				244E71E72C02241900381C6B /* AboutMeView.swift */,
			);
			path = AboutMe;
			sourceTree = "<group>";
		};
		246DB2302BF8913C00130592 /* ChangeGoals */ = {
			isa = PBXGroup;
			children = (
				246DB2352BF9B11F00130592 /* ChangeHeightView.swift */,
				246DB2372BF9B7AC00130592 /* ChangeWeightView.swift */,
				24C1CC3C2BFE07B6003C7885 /* ChangeAgeView.swift */,
				24C1CC3E2BFE24A0003C7885 /* ChangeCalories.swift */,
			);
			path = ChangeGoals;
			sourceTree = "<group>";
		};
		249FE0892BD3B7520061017E /* Utilities */ = {
			isa = PBXGroup;
			children = (
				249FE08A2BD3B7730061017E /* FormValidator.swift */,
				249FE0902BD4050A0061017E /* AppConfiguration.swift */,
				249FE0922BD406650061017E /* Constanst.swift */,
				249FE0942BD408F40061017E /* UserDefault.swift */,
				249FE0A72BD4CCAF0061017E /* FocusField.swift */,
				243800D52BDE784600223577 /* Utilities.swift */,
			);
			path = Utilities;
			sourceTree = "<group>";
		};
		249FE0A92BD4DC9A0061017E /* ViewModel */ = {
			isa = PBXGroup;
			children = (
				249FE0AA2BD4DCAB0061017E /* RootViewModel.swift */,
			);
			path = ViewModel;
			sourceTree = "<group>";
		};
		249FE0AE2BD4DFBA0061017E /* View */ = {
			isa = PBXGroup;
			children = (
			);
			path = View;
			sourceTree = "<group>";
		};
		249FE0B12BD4DFD80061017E /* ViewModel */ = {
			isa = PBXGroup;
			children = (
			);
			path = ViewModel;
			sourceTree = "<group>";
		};
		249FE0B22BD4E2EC0061017E /* Goal */ = {
			isa = PBXGroup;
			children = (
				249FE0B32BD4E3140061017E /* GoalView.swift */,
			);
			path = Goal;
			sourceTree = "<group>";
		};
		249FE0B52BD4E65A0061017E /* ViewModel */ = {
			isa = PBXGroup;
			children = (
				249FE0B72BD4E6730061017E /* GoalViewModel.swift */,
			);
			path = ViewModel;
			sourceTree = "<group>";
		};
		249FE0B92BD4EF6D0061017E /* Model */ = {
			isa = PBXGroup;
			children = (
				249FE0BA2BD4EF770061017E /* GoalModel.swift */,
				244E71E92C02392400381C6B /* FoodToday.swift */,
			);
			path = Model;
			sourceTree = "<group>";
		};
		249FE0BC2BD4F2E60061017E /* Action */ = {
			isa = PBXGroup;
			children = (
				249FE0BD2BD4F2FB0061017E /* View */,
			);
			path = Action;
			sourceTree = "<group>";
		};
		249FE0BD2BD4F2FB0061017E /* View */ = {
			isa = PBXGroup;
			children = (
				249FE0BE2BD4F3090061017E /* ActiveView.swift */,
			);
			path = View;
			sourceTree = "<group>";
		};
		249FE0C02BD4F7210061017E /* Calculator */ = {
			isa = PBXGroup;
			children = (
				249FE0C12BD4F7330061017E /* CalculatorView.swift */,
			);
			path = Calculator;
			sourceTree = "<group>";
		};
		249FE0C32BD508C50061017E /* Model */ = {
			isa = PBXGroup;
			children = (
				249FE0C42BD508CF0061017E /* CalculatorBrain.swift */,
				249FE0C62BD509240061017E /* BMI.swift */,
			);
			path = Model;
			sourceTree = "<group>";
		};
		249FE0C82BD50AE50061017E /* CalculatorResult */ = {
			isa = PBXGroup;
			children = (
				249FE0C92BD50AF20061017E /* View */,
			);
			path = CalculatorResult;
			sourceTree = "<group>";
		};
		249FE0C92BD50AF20061017E /* View */ = {
			isa = PBXGroup;
			children = (
				249FE0CC2BD50B1B0061017E /* CalculatorResultView.swift */,
			);
			path = View;
			sourceTree = "<group>";
		};
		24C1CC422BFE4212003C7885 /* ViewModel */ = {
			isa = PBXGroup;
			children = (
				24C1CC432BFE4227003C7885 /* SettingViewModel.swift */,
			);
			path = ViewModel;
			sourceTree = "<group>";
		};
		24C1CC452BFE6511003C7885 /* ChatBox */ = {
			isa = PBXGroup;
			children = (
				24C1CC4D2BFED32F003C7885 /* Suggestion */,
				24C1CC462BFE6527003C7885 /* View */,
			);
			path = ChatBox;
			sourceTree = "<group>";
		};
		24C1CC462BFE6527003C7885 /* View */ = {
			isa = PBXGroup;
			children = (
				24C1CC472BFE6537003C7885 /* ChatBoxView.swift */,
			);
			path = View;
			sourceTree = "<group>";
		};
		24C1CC4A2BFED32F003C7885 /* View */ = {
			isa = PBXGroup;
			children = (
				24C1CC492BFED32F003C7885 /* SuggestionView.swift */,
				24C1CC5E2BFFB2E2003C7885 /* MessageRow.swift */,
				24C1CC602BFFB301003C7885 /* Chat.swift */,
			);
			path = View;
			sourceTree = "<group>";
		};
		24C1CC4C2BFED32F003C7885 /* ViewModel */ = {
			isa = PBXGroup;
			children = (
				24C1CC4B2BFED32F003C7885 /* SuggestViewModel.swift */,
			);
			path = ViewModel;
			sourceTree = "<group>";
		};
		24C1CC4D2BFED32F003C7885 /* Suggestion */ = {
			isa = PBXGroup;
			children = (
				24C1CC592BFFB27C003C7885 /* Model */,
				24C1CC4A2BFED32F003C7885 /* View */,
				24C1CC4C2BFED32F003C7885 /* ViewModel */,
			);
			path = Suggestion;
			sourceTree = "<group>";
		};
		24C1CC592BFFB27C003C7885 /* Model */ = {
			isa = PBXGroup;
			children = (
				24C1CC5A2BFFB28D003C7885 /* ChatGPTAPI.swift */,
				24C1CC5C2BFFB2B5003C7885 /* ModelData.swift */,
			);
			path = Model;
			sourceTree = "<group>";
		};
		24DF9CF62BD3754700582458 = {
			isa = PBXGroup;
			children = (
				249FE0852BD3AF8C0061017E /* GoogleService-Info.plist */,
				24DF9D012BD3754700582458 /* CalorieCounter */,
				24DF9D002BD3754700582458 /* Products */,
				CDC2DCEAAC2234265DA93DE4 /* Pods */,
				6AD18A59C7172A563A89BB3D /* Frameworks */,
			);
			sourceTree = "<group>";
		};
		24DF9D002BD3754700582458 /* Products */ = {
			isa = PBXGroup;
			children = (
				24DF9CFF2BD3754700582458 /* CalorieCounter.app */,
			);
			name = Products;
			sourceTree = "<group>";
		};
		24DF9D012BD3754700582458 /* CalorieCounter */ = {
			isa = PBXGroup;
			children = (
				243800D72BDEB27A00223577 /* Model */,
				249FE0892BD3B7520061017E /* Utilities */,
				24DF9D232BD37D2F00582458 /* Extension */,
				24DF9D112BD3757900582458 /* Core */,
				24DF9D102BD3755800582458 /* Aplication */,
				24DF9D062BD3754800582458 /* Assets.xcassets */,
				24DF9D082BD3754800582458 /* Preview Content */,
			);
			path = CalorieCounter;
			sourceTree = "<group>";
		};
		24DF9D082BD3754800582458 /* Preview Content */ = {
			isa = PBXGroup;
			children = (
				24DF9D092BD3754800582458 /* Preview Assets.xcassets */,
			);
			path = "Preview Content";
			sourceTree = "<group>";
		};
		24DF9D102BD3755800582458 /* Aplication */ = {
			isa = PBXGroup;
			children = (
				24DF9D022BD3754700582458 /* CalorieCounterApp.swift */,
				24DF9D042BD3754700582458 /* ContentView.swift */,
			);
			path = Aplication;
			sourceTree = "<group>";
		};
		24DF9D112BD3757900582458 /* Core */ = {
			isa = PBXGroup;
			children = (
				244E71E62C02240A00381C6B /* AboutMe */,
				244C59BE2BF08DC800EECAE5 /* TabBar */,
				24C1CC452BFE6511003C7885 /* ChatBox */,
				244C59C22BF0A4D400EECAE5 /* Setting */,
				243800F02BDF4F6A00223577 /* HeathStore */,
				243800DA2BDEB84600223577 /* DashBoard */,
				24DF9D2D2BD37FB700582458 /* Component */,
				24DF9D1A2BD378CA00582458 /* Profile */,
				24DF9D192BD378B600582458 /* Recipes */,
				24DF9D182BD3787E00582458 /* Foods */,
				24DF9D172BD3786300582458 /* Selection */,
				24DF9D152BD3766B00582458 /* Home */,
				24DF9D132BD375F000582458 /* Login */,
				24DF9D162BD376BD00582458 /* Register */,
				24DF9D122BD375A200582458 /* Splash */,
				24DF9D1F2BD37CCC00582458 /* Root */,
			);
			path = Core;
			sourceTree = "<group>";
		};
		24DF9D122BD375A200582458 /* Splash */ = {
			isa = PBXGroup;
			children = (
				24DF9D1C2BD3791200582458 /* View */,
			);
			path = Splash;
			sourceTree = "<group>";
		};
		24DF9D132BD375F000582458 /* Login */ = {
			isa = PBXGroup;
			children = (
				24DF9D342BD3AA2000582458 /* ViewModel */,
				24DF9D332BD3AA1B00582458 /* View */,
			);
			path = Login;
			sourceTree = "<group>";
		};
		24DF9D152BD3766B00582458 /* Home */ = {
			isa = PBXGroup;
			children = (
				249FE0C32BD508C50061017E /* Model */,
				249FE0B12BD4DFD80061017E /* ViewModel */,
				249FE0AE2BD4DFBA0061017E /* View */,
				249FE0AF2BD4DFD30061017E /* HomeView.swift */,
			);
			path = Home;
			sourceTree = "<group>";
		};
		24DF9D162BD376BD00582458 /* Register */ = {
			isa = PBXGroup;
			children = (
				24DF9D302BD3A9FB00582458 /* ViewModel */,
				24DF9D282BD37F0B00582458 /* View */,
			);
			path = Register;
			sourceTree = "<group>";
		};
		24DF9D172BD3786300582458 /* Selection */ = {
			isa = PBXGroup;
			children = (
				249FE0B92BD4EF6D0061017E /* Model */,
				249FE0B52BD4E65A0061017E /* ViewModel */,
				249FE0C82BD50AE50061017E /* CalculatorResult */,
				249FE0C02BD4F7210061017E /* Calculator */,
				249FE0BC2BD4F2E60061017E /* Action */,
				249FE0B22BD4E2EC0061017E /* Goal */,
			);
			path = Selection;
			sourceTree = "<group>";
		};
		24DF9D182BD3787E00582458 /* Foods */ = {
			isa = PBXGroup;
			children = (
				243800F62BE2362600223577 /* ViewModel */,
				243800F32BE2353500223577 /* View */,
			);
			path = Foods;
			sourceTree = "<group>";
		};
		24DF9D192BD378B600582458 /* Recipes */ = {
			isa = PBXGroup;
			children = (
			);
			path = Recipes;
			sourceTree = "<group>";
		};
		24DF9D1A2BD378CA00582458 /* Profile */ = {
			isa = PBXGroup;
			children = (
				244C59C72BF0ACAB00EECAE5 /* ViewModel */,
				24DF9D1B2BD378E700582458 /* View */,
			);
			path = Profile;
			sourceTree = "<group>";
		};
		24DF9D1B2BD378E700582458 /* View */ = {
			isa = PBXGroup;
			children = (
				244C59C52BF0A5D300EECAE5 /* ProfileView.swift */,
				246DB2302BF8913C00130592 /* ChangeGoals */,
			);
			path = View;
			sourceTree = "<group>";
		};
		24DF9D1C2BD3791200582458 /* View */ = {
			isa = PBXGroup;
			children = (
				24DF9D1D2BD3792500582458 /* SplashView.swift */,
			);
			path = View;
			sourceTree = "<group>";
		};
		24DF9D1F2BD37CCC00582458 /* Root */ = {
			isa = PBXGroup;
			children = (
				249FE0A92BD4DC9A0061017E /* ViewModel */,
				24DF9D202BD37CD500582458 /* View */,
			);
			path = Root;
			sourceTree = "<group>";
		};
		24DF9D202BD37CD500582458 /* View */ = {
			isa = PBXGroup;
			children = (
				24DF9D212BD37CE100582458 /* RootView.swift */,
			);
			path = View;
			sourceTree = "<group>";
		};
		24DF9D232BD37D2F00582458 /* Extension */ = {
			isa = PBXGroup;
			children = (
				24DF9D262BD37D7000582458 /* Color+.swift */,
				249FE08E2BD3C33D0061017E /* ViewConst.swift */,
			);
			path = Extension;
			sourceTree = "<group>";
		};
		24DF9D282BD37F0B00582458 /* View */ = {
			isa = PBXGroup;
			children = (
				24DF9D3A2BD3AA7200582458 /* RegisterView.swift */,
			);
			path = View;
			sourceTree = "<group>";
		};
		24DF9D2D2BD37FB700582458 /* Component */ = {
			isa = PBXGroup;
			children = (
				24DF9D2E2BD3800C00582458 /* NormalTextField.swift */,
				249FE08C2BD3BF8C0061017E /* NormalButton.swift */,
				243801012BE2447E00223577 /* RoundedCorners.swift */,
				243801032BE24BC900223577 /* GradientModifier.swift */,
				244C59BC2BEFA54600EECAE5 /* ActivityIndicatorView.swift */,
				246DB2332BF8ECD400130592 /* BackButton.swift */,
				24C1CC402BFE31FC003C7885 /* RadioButton.swift */,
				244E71EB2C02567A00381C6B /* ItemRowFood.swift */,
			);
			path = Component;
			sourceTree = "<group>";
		};
		24DF9D302BD3A9FB00582458 /* ViewModel */ = {
			isa = PBXGroup;
			children = (
				249FE0872BD3B2570061017E /* RegisterViewModel.swift */,
			);
			path = ViewModel;
			sourceTree = "<group>";
		};
		24DF9D332BD3AA1B00582458 /* View */ = {
			isa = PBXGroup;
			children = (
				24DF9D2B2BD37F2900582458 /* LoginView.swift */,
			);
			path = View;
			sourceTree = "<group>";
		};
		24DF9D342BD3AA2000582458 /* ViewModel */ = {
			isa = PBXGroup;
			children = (
				24DF9D312BD3AA1000582458 /* LoginViewModel.swift */,
			);
			path = ViewModel;
			sourceTree = "<group>";
		};
		6AD18A59C7172A563A89BB3D /* Frameworks */ = {
			isa = PBXGroup;
			children = (
				5755D5D516D0FD08ECB1D65C /* Pods_CalorieCounter.framework */,
			);
			name = Frameworks;
			sourceTree = "<group>";
		};
		CDC2DCEAAC2234265DA93DE4 /* Pods */ = {
			isa = PBXGroup;
			children = (
				EFA540331DA02D23902D6DDA /* Pods-CalorieCounter.debug.xcconfig */,
				DD1DC5F028DBAAF84BEE93BF /* Pods-CalorieCounter.release.xcconfig */,
			);
			path = Pods;
			sourceTree = "<group>";
		};
/* End PBXGroup section */

/* Begin PBXNativeTarget section */
		24DF9CFE2BD3754700582458 /* CalorieCounter */ = {
			isa = PBXNativeTarget;
			buildConfigurationList = 24DF9D0D2BD3754800582458 /* Build configuration list for PBXNativeTarget "CalorieCounter" */;
			buildPhases = (
				65F7EB6D3AED12C196468BA1 /* [CP] Check Pods Manifest.lock */,
				24DF9CFB2BD3754700582458 /* Sources */,
				24DF9CFC2BD3754700582458 /* Frameworks */,
				24DF9CFD2BD3754700582458 /* Resources */,
				BB44B1B0C0E24D0DAC4E38B6 /* [CP] Embed Pods Frameworks */,
			);
			buildRules = (
			);
			dependencies = (
			);
			name = CalorieCounter;
			productName = CalorieCounter;
			productReference = 24DF9CFF2BD3754700582458 /* CalorieCounter.app */;
			productType = "com.apple.product-type.application";
		};
/* End PBXNativeTarget section */

/* Begin PBXProject section */
		24DF9CF72BD3754700582458 /* Project object */ = {
			isa = PBXProject;
			attributes = {
				BuildIndependentTargetsInParallel = 1;
				LastSwiftUpdateCheck = 1530;
				LastUpgradeCheck = 1530;
				TargetAttributes = {
					24DF9CFE2BD3754700582458 = {
						CreatedOnToolsVersion = 15.3;
					};
				};
			};
			buildConfigurationList = 24DF9CFA2BD3754700582458 /* Build configuration list for PBXProject "CalorieCounter" */;
			compatibilityVersion = "Xcode 14.0";
			developmentRegion = en;
			hasScannedForEncodings = 0;
			knownRegions = (
				en,
				Base,
			);
			mainGroup = 24DF9CF62BD3754700582458;
			productRefGroup = 24DF9D002BD3754700582458 /* Products */;
			projectDirPath = "";
			projectRoot = "";
			targets = (
				24DF9CFE2BD3754700582458 /* CalorieCounter */,
			);
		};
/* End PBXProject section */

/* Begin PBXResourcesBuildPhase section */
		24DF9CFD2BD3754700582458 /* Resources */ = {
			isa = PBXResourcesBuildPhase;
			buildActionMask = 2147483647;
			files = (
				24DF9D0A2BD3754800582458 /* Preview Assets.xcassets in Resources */,
				24DF9D072BD3754800582458 /* Assets.xcassets in Resources */,
				249FE0862BD3AF8C0061017E /* GoogleService-Info.plist in Resources */,
			);
			runOnlyForDeploymentPostprocessing = 0;
		};
/* End PBXResourcesBuildPhase section */

/* Begin PBXShellScriptBuildPhase section */
		65F7EB6D3AED12C196468BA1 /* [CP] Check Pods Manifest.lock */ = {
			isa = PBXShellScriptBuildPhase;
			buildActionMask = 2147483647;
			files = (
			);
			inputFileListPaths = (
			);
			inputPaths = (
				"${PODS_PODFILE_DIR_PATH}/Podfile.lock",
				"${PODS_ROOT}/Manifest.lock",
			);
			name = "[CP] Check Pods Manifest.lock";
			outputFileListPaths = (
			);
			outputPaths = (
				"$(DERIVED_FILE_DIR)/Pods-CalorieCounter-checkManifestLockResult.txt",
			);
			runOnlyForDeploymentPostprocessing = 0;
			shellPath = /bin/sh;
			shellScript = "diff \"${PODS_PODFILE_DIR_PATH}/Podfile.lock\" \"${PODS_ROOT}/Manifest.lock\" > /dev/null\nif [ $? != 0 ] ; then\n    # print error to STDERR\n    echo \"error: The sandbox is not in sync with the Podfile.lock. Run 'pod install' or update your CocoaPods installation.\" >&2\n    exit 1\nfi\n# This output is used by Xcode 'outputs' to avoid re-running this script phase.\necho \"SUCCESS\" > \"${SCRIPT_OUTPUT_FILE_0}\"\n";
			showEnvVarsInLog = 0;
		};
		BB44B1B0C0E24D0DAC4E38B6 /* [CP] Embed Pods Frameworks */ = {
			isa = PBXShellScriptBuildPhase;
			buildActionMask = 2147483647;
			files = (
			);
			inputFileListPaths = (
				"${PODS_ROOT}/Target Support Files/Pods-CalorieCounter/Pods-CalorieCounter-frameworks-${CONFIGURATION}-input-files.xcfilelist",
			);
			name = "[CP] Embed Pods Frameworks";
			outputFileListPaths = (
				"${PODS_ROOT}/Target Support Files/Pods-CalorieCounter/Pods-CalorieCounter-frameworks-${CONFIGURATION}-output-files.xcfilelist",
			);
			runOnlyForDeploymentPostprocessing = 0;
			shellPath = /bin/sh;
			shellScript = "\"${PODS_ROOT}/Target Support Files/Pods-CalorieCounter/Pods-CalorieCounter-frameworks.sh\"\n";
			showEnvVarsInLog = 0;
		};
/* End PBXShellScriptBuildPhase section */

/* Begin PBXSourcesBuildPhase section */
		24DF9CFB2BD3754700582458 /* Sources */ = {
			isa = PBXSourcesBuildPhase;
			buildActionMask = 2147483647;
			files = (
				249FE0952BD408F40061017E /* UserDefault.swift in Sources */,
				24DF9D3B2BD3AA7200582458 /* RegisterView.swift in Sources */,
				243801022BE2447E00223577 /* RoundedCorners.swift in Sources */,
				243800D62BDE784600223577 /* Utilities.swift in Sources */,
				244E71E82C02241900381C6B /* AboutMeView.swift in Sources */,
				243800F82BE2364A00223577 /* FoodViewModel.swift in Sources */,
				243800E82BDEBA8D00223577 /* CircularProgressView.swift in Sources */,
				244E71EA2C02392400381C6B /* FoodToday.swift in Sources */,
				243800DE2BDEB88D00223577 /* CaloriesEatenAndBurnedView.swift in Sources */,
				243801042BE24BC900223577 /* GradientModifier.swift in Sources */,
				249FE0882BD3B2570061017E /* RegisterViewModel.swift in Sources */,
				244C59C42BF0A4E100EECAE5 /* SettingView.swift in Sources */,
				249FE08D2BD3BF8C0061017E /* NormalButton.swift in Sources */,
				24C1CC3D2BFE07B6003C7885 /* ChangeAgeView.swift in Sources */,
				243800F22BDF4F7C00223577 /* HealthStore.swift in Sources */,
				243801002BE23D4400223577 /* AddMealViewModel.swift in Sources */,
				244C59C92BF0ACBF00EECAE5 /* ProfileViewModel.swift in Sources */,
				249FE0C22BD4F7330061017E /* CalculatorView.swift in Sources */,
				244C59BD2BEFA54600EECAE5 /* ActivityIndicatorView.swift in Sources */,
				243800E42BDEB9C300223577 /* UserGoals.swift in Sources */,
				24DF9D2C2BD37F2900582458 /* LoginView.swift in Sources */,
				24C1CC3F2BFE24A0003C7885 /* ChangeCalories.swift in Sources */,
				24DF9D222BD37CE100582458 /* RootView.swift in Sources */,
				243800EB2BDEBBEC00223577 /* Nutritient_Card.swift in Sources */,
				24C1CC4F2BFED330003C7885 /* SuggestViewModel.swift in Sources */,
				244C59C12BF08DE300EECAE5 /* TabBarView.swift in Sources */,
				24DF9D272BD37D7000582458 /* Color+.swift in Sources */,
				243800E62BDEBA1200223577 /* Foods.swift in Sources */,
				249FE0C52BD508CF0061017E /* CalculatorBrain.swift in Sources */,
				246DB2342BF8ECD400130592 /* BackButton.swift in Sources */,
				24C1CC412BFE31FC003C7885 /* RadioButton.swift in Sources */,
				249FE0B42BD4E3140061017E /* GoalView.swift in Sources */,
				246DB2382BF9B7AC00130592 /* ChangeWeightView.swift in Sources */,
				243800E12BDEB98000223577 /* DailySummaryData.swift in Sources */,
				249FE0BB2BD4EF770061017E /* GoalModel.swift in Sources */,
				24C1CC4E2BFED330003C7885 /* SuggestionView.swift in Sources */,
				249FE0A82BD4CCAF0061017E /* FocusField.swift in Sources */,
				243800FE2BE23CDC00223577 /* AddMealView.swift in Sources */,
				249FE0CD2BD50B1B0061017E /* CalculatorResultView.swift in Sources */,
				249FE0C72BD509240061017E /* BMI.swift in Sources */,
				243800FC2BE2373900223577 /* FoodsData.swift in Sources */,
				249FE0BF2BD4F3090061017E /* ActiveView.swift in Sources */,
				24DF9D052BD3754700582458 /* ContentView.swift in Sources */,
				243800EF2BDEBC6800223577 /* StepsProgressView.swift in Sources */,
				24C1CC5D2BFFB2B5003C7885 /* ModelData.swift in Sources */,
				249FE08B2BD3B7730061017E /* FormValidator.swift in Sources */,
				249FE08F2BD3C33D0061017E /* ViewConst.swift in Sources */,
				24DF9D322BD3AA1000582458 /* LoginViewModel.swift in Sources */,
				24DF9D032BD3754700582458 /* CalorieCounterApp.swift in Sources */,
				243800DC2BDEB86800223577 /* DashBoardView.swift in Sources */,
				249FE0B82BD4E6730061017E /* GoalViewModel.swift in Sources */,
				24C1CC5B2BFFB28D003C7885 /* ChatGPTAPI.swift in Sources */,
				24C1CC632BFFB8D8003C7885 /* FoodSuggest.swift in Sources */,
				244C59C62BF0A5D300EECAE5 /* ProfileView.swift in Sources */,
				243800FA2BE236B400223577 /* FoodApiService.swift in Sources */,
				243800D92BDEB29500223577 /* UserData.swift in Sources */,
				24DF9D2F2BD3800C00582458 /* NormalTextField.swift in Sources */,
				243801062BE2549700223577 /* FoodRow.swift in Sources */,
				249FE0932BD406650061017E /* Constanst.swift in Sources */,
				24C1CC5F2BFFB2E2003C7885 /* MessageRow.swift in Sources */,
				24C1CC482BFE6537003C7885 /* ChatBoxView.swift in Sources */,
				249FE0912BD4050A0061017E /* AppConfiguration.swift in Sources */,
				244E71EC2C02567A00381C6B /* ItemRowFood.swift in Sources */,
				246DB2362BF9B11F00130592 /* ChangeHeightView.swift in Sources */,
				249FE0AB2BD4DCAB0061017E /* RootViewModel.swift in Sources */,
				24C1CC442BFE4227003C7885 /* SettingViewModel.swift in Sources */,
				243800F52BE2355400223577 /* FoodView.swift in Sources */,
				243800ED2BDEBC3300223577 /* MacroProgressCardView.swift in Sources */,
				24DF9D1E2BD3792500582458 /* SplashView.swift in Sources */,
				249FE0B02BD4DFD30061017E /* HomeView.swift in Sources */,
				24C1CC612BFFB301003C7885 /* Chat.swift in Sources */,
			);
			runOnlyForDeploymentPostprocessing = 0;
		};
/* End PBXSourcesBuildPhase section */

/* Begin XCBuildConfiguration section */
		24DF9D0B2BD3754800582458 /* Debug */ = {
			isa = XCBuildConfiguration;
			buildSettings = {
				ALWAYS_SEARCH_USER_PATHS = NO;
				ASSETCATALOG_COMPILER_GENERATE_SWIFT_ASSET_SYMBOL_EXTENSIONS = YES;
				CLANG_ANALYZER_NONNULL = YES;
				CLANG_ANALYZER_NUMBER_OBJECT_CONVERSION = YES_AGGRESSIVE;
				CLANG_CXX_LANGUAGE_STANDARD = "gnu++20";
				CLANG_ENABLE_MODULES = YES;
				CLANG_ENABLE_OBJC_ARC = YES;
				CLANG_ENABLE_OBJC_WEAK = YES;
				CLANG_WARN_BLOCK_CAPTURE_AUTORELEASING = YES;
				CLANG_WARN_BOOL_CONVERSION = YES;
				CLANG_WARN_COMMA = YES;
				CLANG_WARN_CONSTANT_CONVERSION = YES;
				CLANG_WARN_DEPRECATED_OBJC_IMPLEMENTATIONS = YES;
				CLANG_WARN_DIRECT_OBJC_ISA_USAGE = YES_ERROR;
				CLANG_WARN_DOCUMENTATION_COMMENTS = YES;
				CLANG_WARN_EMPTY_BODY = YES;
				CLANG_WARN_ENUM_CONVERSION = YES;
				CLANG_WARN_INFINITE_RECURSION = YES;
				CLANG_WARN_INT_CONVERSION = YES;
				CLANG_WARN_NON_LITERAL_NULL_CONVERSION = YES;
				CLANG_WARN_OBJC_IMPLICIT_RETAIN_SELF = YES;
				CLANG_WARN_OBJC_LITERAL_CONVERSION = YES;
				CLANG_WARN_OBJC_ROOT_CLASS = YES_ERROR;
				CLANG_WARN_QUOTED_INCLUDE_IN_FRAMEWORK_HEADER = YES;
				CLANG_WARN_RANGE_LOOP_ANALYSIS = YES;
				CLANG_WARN_STRICT_PROTOTYPES = YES;
				CLANG_WARN_SUSPICIOUS_MOVE = YES;
				CLANG_WARN_UNGUARDED_AVAILABILITY = YES_AGGRESSIVE;
				CLANG_WARN_UNREACHABLE_CODE = YES;
				CLANG_WARN__DUPLICATE_METHOD_MATCH = YES;
				COPY_PHASE_STRIP = NO;
				DEBUG_INFORMATION_FORMAT = dwarf;
				ENABLE_STRICT_OBJC_MSGSEND = YES;
				ENABLE_TESTABILITY = YES;
				ENABLE_USER_SCRIPT_SANDBOXING = YES;
				GCC_C_LANGUAGE_STANDARD = gnu17;
				GCC_DYNAMIC_NO_PIC = NO;
				GCC_NO_COMMON_BLOCKS = YES;
				GCC_OPTIMIZATION_LEVEL = 0;
				GCC_PREPROCESSOR_DEFINITIONS = (
					"DEBUG=1",
					"$(inherited)",
				);
				GCC_WARN_64_TO_32_BIT_CONVERSION = YES;
				GCC_WARN_ABOUT_RETURN_TYPE = YES_ERROR;
				GCC_WARN_UNDECLARED_SELECTOR = YES;
				GCC_WARN_UNINITIALIZED_AUTOS = YES_AGGRESSIVE;
				GCC_WARN_UNUSED_FUNCTION = YES;
				GCC_WARN_UNUSED_VARIABLE = YES;
				IPHONEOS_DEPLOYMENT_TARGET = 17.4;
				LOCALIZATION_PREFERS_STRING_CATALOGS = YES;
				MTL_ENABLE_DEBUG_INFO = INCLUDE_SOURCE;
				MTL_FAST_MATH = YES;
				ONLY_ACTIVE_ARCH = YES;
				SDKROOT = iphoneos;
				SWIFT_ACTIVE_COMPILATION_CONDITIONS = "DEBUG $(inherited)";
				SWIFT_OPTIMIZATION_LEVEL = "-Onone";
			};
			name = Debug;
		};
		24DF9D0C2BD3754800582458 /* Release */ = {
			isa = XCBuildConfiguration;
			buildSettings = {
				ALWAYS_SEARCH_USER_PATHS = NO;
				ASSETCATALOG_COMPILER_GENERATE_SWIFT_ASSET_SYMBOL_EXTENSIONS = YES;
				CLANG_ANALYZER_NONNULL = YES;
				CLANG_ANALYZER_NUMBER_OBJECT_CONVERSION = YES_AGGRESSIVE;
				CLANG_CXX_LANGUAGE_STANDARD = "gnu++20";
				CLANG_ENABLE_MODULES = YES;
				CLANG_ENABLE_OBJC_ARC = YES;
				CLANG_ENABLE_OBJC_WEAK = YES;
				CLANG_WARN_BLOCK_CAPTURE_AUTORELEASING = YES;
				CLANG_WARN_BOOL_CONVERSION = YES;
				CLANG_WARN_COMMA = YES;
				CLANG_WARN_CONSTANT_CONVERSION = YES;
				CLANG_WARN_DEPRECATED_OBJC_IMPLEMENTATIONS = YES;
				CLANG_WARN_DIRECT_OBJC_ISA_USAGE = YES_ERROR;
				CLANG_WARN_DOCUMENTATION_COMMENTS = YES;
				CLANG_WARN_EMPTY_BODY = YES;
				CLANG_WARN_ENUM_CONVERSION = YES;
				CLANG_WARN_INFINITE_RECURSION = YES;
				CLANG_WARN_INT_CONVERSION = YES;
				CLANG_WARN_NON_LITERAL_NULL_CONVERSION = YES;
				CLANG_WARN_OBJC_IMPLICIT_RETAIN_SELF = YES;
				CLANG_WARN_OBJC_LITERAL_CONVERSION = YES;
				CLANG_WARN_OBJC_ROOT_CLASS = YES_ERROR;
				CLANG_WARN_QUOTED_INCLUDE_IN_FRAMEWORK_HEADER = YES;
				CLANG_WARN_RANGE_LOOP_ANALYSIS = YES;
				CLANG_WARN_STRICT_PROTOTYPES = YES;
				CLANG_WARN_SUSPICIOUS_MOVE = YES;
				CLANG_WARN_UNGUARDED_AVAILABILITY = YES_AGGRESSIVE;
				CLANG_WARN_UNREACHABLE_CODE = YES;
				CLANG_WARN__DUPLICATE_METHOD_MATCH = YES;
				COPY_PHASE_STRIP = NO;
				DEBUG_INFORMATION_FORMAT = "dwarf-with-dsym";
				ENABLE_NS_ASSERTIONS = NO;
				ENABLE_STRICT_OBJC_MSGSEND = YES;
				ENABLE_USER_SCRIPT_SANDBOXING = YES;
				GCC_C_LANGUAGE_STANDARD = gnu17;
				GCC_NO_COMMON_BLOCKS = YES;
				GCC_WARN_64_TO_32_BIT_CONVERSION = YES;
				GCC_WARN_ABOUT_RETURN_TYPE = YES_ERROR;
				GCC_WARN_UNDECLARED_SELECTOR = YES;
				GCC_WARN_UNINITIALIZED_AUTOS = YES_AGGRESSIVE;
				GCC_WARN_UNUSED_FUNCTION = YES;
				GCC_WARN_UNUSED_VARIABLE = YES;
				IPHONEOS_DEPLOYMENT_TARGET = 17.4;
				LOCALIZATION_PREFERS_STRING_CATALOGS = YES;
				MTL_ENABLE_DEBUG_INFO = NO;
				MTL_FAST_MATH = YES;
				SDKROOT = iphoneos;
				SWIFT_COMPILATION_MODE = wholemodule;
				VALIDATE_PRODUCT = YES;
			};
			name = Release;
		};
		24DF9D0E2BD3754800582458 /* Debug */ = {
			isa = XCBuildConfiguration;
			baseConfigurationReference = EFA540331DA02D23902D6DDA /* Pods-CalorieCounter.debug.xcconfig */;
			buildSettings = {
				ASSETCATALOG_COMPILER_APPICON_NAME = AppIcon;
				ASSETCATALOG_COMPILER_GLOBAL_ACCENT_COLOR_NAME = AccentColor;
				CODE_SIGN_STYLE = Automatic;
				CURRENT_PROJECT_VERSION = 1;
				DEVELOPMENT_ASSET_PATHS = "\"CalorieCounter/Preview Content\"";
				DEVELOPMENT_TEAM = ZF3NGCURC2;
				ENABLE_PREVIEWS = YES;
				ENABLE_USER_SCRIPT_SANDBOXING = NO;
				GENERATE_INFOPLIST_FILE = YES;
				INFOPLIST_KEY_UIApplicationSceneManifest_Generation = YES;
				INFOPLIST_KEY_UIApplicationSupportsIndirectInputEvents = YES;
				INFOPLIST_KEY_UILaunchScreen_Generation = YES;
				INFOPLIST_KEY_UISupportedInterfaceOrientations_iPad = "UIInterfaceOrientationPortrait UIInterfaceOrientationPortraitUpsideDown UIInterfaceOrientationLandscapeLeft UIInterfaceOrientationLandscapeRight";
				INFOPLIST_KEY_UISupportedInterfaceOrientations_iPhone = "UIInterfaceOrientationPortrait UIInterfaceOrientationLandscapeLeft UIInterfaceOrientationLandscapeRight";
				IPHONEOS_DEPLOYMENT_TARGET = 16.0;
				LD_RUNPATH_SEARCH_PATHS = (
					"$(inherited)",
					"@executable_path/Frameworks",
				);
				MARKETING_VERSION = 1.0;
				PRODUCT_BUNDLE_IDENTIFIER = com.hien.Calorie;
				PRODUCT_NAME = "$(TARGET_NAME)";
				SWIFT_EMIT_LOC_STRINGS = YES;
				SWIFT_VERSION = 5.0;
				TARGETED_DEVICE_FAMILY = "1,2";
			};
			name = Debug;
		};
		24DF9D0F2BD3754800582458 /* Release */ = {
			isa = XCBuildConfiguration;
			baseConfigurationReference = DD1DC5F028DBAAF84BEE93BF /* Pods-CalorieCounter.release.xcconfig */;
			buildSettings = {
				ASSETCATALOG_COMPILER_APPICON_NAME = AppIcon;
				ASSETCATALOG_COMPILER_GLOBAL_ACCENT_COLOR_NAME = AccentColor;
				CODE_SIGN_STYLE = Automatic;
				CURRENT_PROJECT_VERSION = 1;
				DEVELOPMENT_ASSET_PATHS = "\"CalorieCounter/Preview Content\"";
				DEVELOPMENT_TEAM = ZF3NGCURC2;
				ENABLE_PREVIEWS = YES;
				ENABLE_USER_SCRIPT_SANDBOXING = NO;
				GENERATE_INFOPLIST_FILE = YES;
				INFOPLIST_KEY_UIApplicationSceneManifest_Generation = YES;
				INFOPLIST_KEY_UIApplicationSupportsIndirectInputEvents = YES;
				INFOPLIST_KEY_UILaunchScreen_Generation = YES;
				INFOPLIST_KEY_UISupportedInterfaceOrientations_iPad = "UIInterfaceOrientationPortrait UIInterfaceOrientationPortraitUpsideDown UIInterfaceOrientationLandscapeLeft UIInterfaceOrientationLandscapeRight";
				INFOPLIST_KEY_UISupportedInterfaceOrientations_iPhone = "UIInterfaceOrientationPortrait UIInterfaceOrientationLandscapeLeft UIInterfaceOrientationLandscapeRight";
				IPHONEOS_DEPLOYMENT_TARGET = 16.0;
				LD_RUNPATH_SEARCH_PATHS = (
					"$(inherited)",
					"@executable_path/Frameworks",
				);
				MARKETING_VERSION = 1.0;
				PRODUCT_BUNDLE_IDENTIFIER = com.hien.Calorie;
				PRODUCT_NAME = "$(TARGET_NAME)";
				SWIFT_EMIT_LOC_STRINGS = YES;
				SWIFT_VERSION = 5.0;
				TARGETED_DEVICE_FAMILY = "1,2";
			};
			name = Release;
		};
/* End XCBuildConfiguration section */

/* Begin XCConfigurationList section */
		24DF9CFA2BD3754700582458 /* Build configuration list for PBXProject "CalorieCounter" */ = {
			isa = XCConfigurationList;
			buildConfigurations = (
				24DF9D0B2BD3754800582458 /* Debug */,
				24DF9D0C2BD3754800582458 /* Release */,
			);
			defaultConfigurationIsVisible = 0;
			defaultConfigurationName = Release;
		};
		24DF9D0D2BD3754800582458 /* Build configuration list for PBXNativeTarget "CalorieCounter" */ = {
			isa = XCConfigurationList;
			buildConfigurations = (
				24DF9D0E2BD3754800582458 /* Debug */,
				24DF9D0F2BD3754800582458 /* Release */,
			);
			defaultConfigurationIsVisible = 0;
			defaultConfigurationName = Release;
		};
/* End XCConfigurationList section */
	};
	rootObject = 24DF9CF72BD3754700582458 /* Project object */;
}
